
Microsoft Visual Studio Solution File, Format Version 12.00
# Visual Studio Version 16
VisualStudioVersion = 16.0.31605.320
MinimumVisualStudioVersion = 10.0.40219.1
Project("{FAE04EC0-301F-11D3-BF4B-00C04F79EFBC}") = "Угрюмова практическая3", "Угрюмова практическая3.csproj", "{2B3A544E-E7CD-4E5E-936D-6495A336AD75}"
EndProject
Project("{FAE04EC0-301F-11D3-BF4B-00C04F79EFBC}") = "Угрюмова задание 2", "..\Угрюмова задание 2\Угрюмова задание 2.csproj", "{B6EA8D81-B9C3-48A1-B88F-90ECF766E296}"
EndProject
Global
	GlobalSection(SolutionConfigurationPlatforms) = preSolution
		Debug|Any CPU = Debug|Any CPU
		Release|Any CPU = Release|Any CPU
	EndGlobalSection
	GlobalSection(ProjectConfigurationPlatforms) = postSolution
		{2B3A544E-E7CD-4E5E-936D-6495A336AD75}.Debug|Any CPU.ActiveCfg = Debug|Any CPU
		{2B3A544E-E7CD-4E5E-936D-6495A336AD75}.Debug|Any CPU.Build.0 = Debug|Any CPU
		{2B3A544E-E7CD-4E5E-936D-6495A336AD75}.Release|Any CPU.ActiveCfg = Release|Any CPU
		{2B3A544E-E7CD-4E5E-936D-6495A336AD75}.Release|Any CPU.Build.0 = Release|Any CPU
		{B6EA8D81-B9C3-48A1-B88F-90ECF766E296}.Debug|Any CPU.ActiveCfg = Debug|Any CPU
		{B6EA8D81-B9C3-48A1-B88F-90ECF766E296}.Debug|Any CPU.Build.0 = Debug|Any CPU
		{B6EA8D81-B9C3-48A1-B88F-90ECF766E296}.Release|Any CPU.ActiveCfg = Release|Any CPU
		{B6EA8D81-B9C3-48A1-B88F-90ECF766E296}.Release|Any CPU.Build.0 = Release|Any CPU
	EndGlobalSection
	GlobalSection(SolutionProperties) = preSolution
		HideSolutionNode = FALSE
	EndGlobalSection
	GlobalSection(ExtensibilityGlobals) = postSolution
		SolutionGuid = {B5309144-7A2D-4926-833A-AC7B2F1307C1}
	EndGlobalSection
EndGlobal
